
Microsoft Visual Studio Solution File, Format Version 12.00
# Visual Studio 15
VisualStudioVersion = 15.0.26730.10
MinimumVisualStudioVersion = 10.0.40219.1
Project("{FAE04EC0-301F-11D3-BF4B-00C04F79EFBC}") = "Loterias", "Loterias\Loterias.csproj", "{88CF9828-8A83-4D48-BC40-5A1166FC9125}"
EndProject
Project("{FAE04EC0-301F-11D3-BF4B-00C04F79EFBC}") = "WebConnections", "WebConnections\WebConnections.csproj", "{928475AB-62D1-46A9-AFE9-706F58ACA3C8}"
EndProject
Global
	GlobalSection(SolutionConfigurationPlatforms) = preSolution
		Debug|Any CPU = Debug|Any CPU
		Release|Any CPU = Release|Any CPU
	EndGlobalSection
	GlobalSection(ProjectConfigurationPlatforms) = postSolution
		{88CF9828-8A83-4D48-BC40-5A1166FC9125}.Debug|Any CPU.ActiveCfg = Debug|Any CPU
		{88CF9828-8A83-4D48-BC40-5A1166FC9125}.Debug|Any CPU.Build.0 = Debug|Any CPU
		{88CF9828-8A83-4D48-BC40-5A1166FC9125}.Release|Any CPU.ActiveCfg = Release|Any CPU
		{88CF9828-8A83-4D48-BC40-5A1166FC9125}.Release|Any CPU.Build.0 = Release|Any CPU
		{928475AB-62D1-46A9-AFE9-706F58ACA3C8}.Debug|Any CPU.ActiveCfg = Debug|Any CPU
		{928475AB-62D1-46A9-AFE9-706F58ACA3C8}.Debug|Any CPU.Build.0 = Debug|Any CPU
		{928475AB-62D1-46A9-AFE9-706F58ACA3C8}.Release|Any CPU.ActiveCfg = Release|Any CPU
		{928475AB-62D1-46A9-AFE9-706F58ACA3C8}.Release|Any CPU.Build.0 = Release|Any CPU
	EndGlobalSection
	GlobalSection(SolutionProperties) = preSolution
		HideSolutionNode = FALSE
	EndGlobalSection
	GlobalSection(ExtensibilityGlobals) = postSolution
		SolutionGuid = {277E0B6F-59FB-47BD-9196-E7F06CD9E3D7}
	EndGlobalSection
EndGlobal
